// !$*UTF8*$!
{
	archiveVersion = 1;
	classes = {
	};
	objectVersion = 56;
	objects = {

/* Begin PBXBuildFile section */
		236A1F7CE680CB1634D74D1D /* Pods_nues.framework in Frameworks */ = {isa = PBXBuildFile; fileRef = D3F28F8F9FFBF090E476F868 /* Pods_nues.framework */; };
		62CA0F9A2A4032BD00A3A1F6 /* AppDelegate.swift in Sources */ = {isa = PBXBuildFile; fileRef = 62CA0F992A4032BD00A3A1F6 /* AppDelegate.swift */; };
		62CA0F9C2A4032BD00A3A1F6 /* SceneDelegate.swift in Sources */ = {isa = PBXBuildFile; fileRef = 62CA0F9B2A4032BD00A3A1F6 /* SceneDelegate.swift */; };
		62CA0F9E2A4032BD00A3A1F6 /* ViewController.swift in Sources */ = {isa = PBXBuildFile; fileRef = 62CA0F9D2A4032BD00A3A1F6 /* ViewController.swift */; };
		62CA0FA12A4032BD00A3A1F6 /* Main.storyboard in Resources */ = {isa = PBXBuildFile; fileRef = 62CA0F9F2A4032BD00A3A1F6 /* Main.storyboard */; };
		62CA0FA32A4032C000A3A1F6 /* Assets.xcassets in Resources */ = {isa = PBXBuildFile; fileRef = 62CA0FA22A4032C000A3A1F6 /* Assets.xcassets */; };
		62CA0FA62A4032C000A3A1F6 /* LaunchScreen.storyboard in Resources */ = {isa = PBXBuildFile; fileRef = 62CA0FA42A4032C000A3A1F6 /* LaunchScreen.storyboard */; };
/* End PBXBuildFile section */

/* Begin PBXFileReference section */
		62CA0F962A4032BD00A3A1F6 /* nues.app */ = {isa = PBXFileReference; explicitFileType = wrapper.application; includeInIndex = 0; path = nues.app; sourceTree = BUILT_PRODUCTS_DIR; };
		62CA0F992A4032BD00A3A1F6 /* AppDelegate.swift */ = {isa = PBXFileReference; lastKnownFileType = sourcecode.swift; path = AppDelegate.swift; sourceTree = "<group>"; };
		62CA0F9B2A4032BD00A3A1F6 /* SceneDelegate.swift */ = {isa = PBXFileReference; lastKnownFileType = sourcecode.swift; path = SceneDelegate.swift; sourceTree = "<group>"; };
		62CA0F9D2A4032BD00A3A1F6 /* ViewController.swift */ = {isa = PBXFileReference; lastKnownFileType = sourcecode.swift; path = ViewController.swift; sourceTree = "<group>"; };
		62CA0FA02A4032BD00A3A1F6 /* Base */ = {isa = PBXFileReference; lastKnownFileType = file.storyboard; name = Base; path = Base.lproj/Main.storyboard; sourceTree = "<group>"; };
		62CA0FA22A4032C000A3A1F6 /* Assets.xcassets */ = {isa = PBXFileReference; lastKnownFileType = folder.assetcatalog; path = Assets.xcassets; sourceTree = "<group>"; };
		62CA0FA52A4032C000A3A1F6 /* Base */ = {isa = PBXFileReference; lastKnownFileType = file.storyboard; name = Base; path = Base.lproj/LaunchScreen.storyboard; sourceTree = "<group>"; };
		62CA0FA72A4032C000A3A1F6 /* Info.plist */ = {isa = PBXFileReference; lastKnownFileType = text.plist.xml; path = Info.plist; sourceTree = "<group>"; };
		787A4EA8A24D8EE960BC14FE /* Pods-nues.debug.xcconfig */ = {isa = PBXFileReference; includeInIndex = 1; lastKnownFileType = text.xcconfig; name = "Pods-nues.debug.xcconfig"; path = "Target Support Files/Pods-nues/Pods-nues.debug.xcconfig"; sourceTree = "<group>"; };
		96BBA26754CA5D94ECCDBF13 /* Pods-nues.release.xcconfig */ = {isa = PBXFileReference; includeInIndex = 1; lastKnownFileType = text.xcconfig; name = "Pods-nues.release.xcconfig"; path = "Target Support Files/Pods-nues/Pods-nues.release.xcconfig"; sourceTree = "<group>"; };
		D3F28F8F9FFBF090E476F868 /* Pods_nues.framework */ = {isa = PBXFileReference; explicitFileType = wrapper.framework; includeInIndex = 0; path = Pods_nues.framework; sourceTree = BUILT_PRODUCTS_DIR; };
/* End PBXFileReference section */

/* Begin PBXFrameworksBuildPhase section */
		62CA0F932A4032BD00A3A1F6 /* Frameworks */ = {
			isa = PBXFrameworksBuildPhase;
			buildActionMask = 2147483647;
			files = (
				236A1F7CE680CB1634D74D1D /* Pods_nues.framework in Frameworks */,
			);
			runOnlyForDeploymentPostprocessing = 0;
		};
/* End PBXFrameworksBuildPhase section */

/* Begin PBXGroup section */
		33BD83789335F7F0B14BD976 /* Pods */ = {
			isa = PBXGroup;
			children = (
				787A4EA8A24D8EE960BC14FE /* Pods-nues.debug.xcconfig */,
				96BBA26754CA5D94ECCDBF13 /* Pods-nues.release.xcconfig */,
			);
			name = Pods;
			path = Pods;
			sourceTree = "<group>";
		};
		62CA0F8D2A4032BD00A3A1F6 = {
			isa = PBXGroup;
			children = (
				62CA0F982A4032BD00A3A1F6 /* nues */,
				62CA0F972A4032BD00A3A1F6 /* Products */,
				33BD83789335F7F0B14BD976 /* Pods */,
				AAF6ED06D70AACC825802AC6 /* Frameworks */,
			);
			sourceTree = "<group>";
		};
		62CA0F972A4032BD00A3A1F6 /* Products */ = {
			isa = PBXGroup;
			children = (
				62CA0F962A4032BD00A3A1F6 /* nues.app */,
			);
			name = Products;
			sourceTree = "<group>";
		};
		62CA0F982A4032BD00A3A1F6 /* nues */ = {
			isa = PBXGroup;
			children = (
				62CA0F992A4032BD00A3A1F6 /* AppDelegate.swift */,
				62CA0F9B2A4032BD00A3A1F6 /* SceneDelegate.swift */,
				62CA0F9D2A4032BD00A3A1F6 /* ViewController.swift */,
				62CA0F9F2A4032BD00A3A1F6 /* Main.storyboard */,
				62CA0FA22A4032C000A3A1F6 /* Assets.xcassets */,
				62CA0FA42A4032C000A3A1F6 /* LaunchScreen.storyboard */,
				62CA0FA72A4032C000A3A1F6 /* Info.plist */,
			);
			path = nues;
			sourceTree = "<group>";
		};
		AAF6ED06D70AACC825802AC6 /* Frameworks */ = {
			isa = PBXGroup;
			children = (
				D3F28F8F9FFBF090E476F868 /* Pods_nues.framework */,
			);
			name = Frameworks;
			sourceTree = "<group>";
		};
/* End PBXGroup section */

/* Begin PBXNativeTarget section */
		62CA0F952A4032BD00A3A1F6 /* nues */ = {
			isa = PBXNativeTarget;
			buildConfigurationList = 62CA0FAA2A4032C000A3A1F6 /* Build configuration list for PBXNativeTarget "nues" */;
			buildPhases = (
				742F2EF33E7249B14E707128 /* [CP] Check Pods Manifest.lock */,
				62CA0F922A4032BD00A3A1F6 /* Sources */,
				62CA0F932A4032BD00A3A1F6 /* Frameworks */,
				62CA0F942A4032BD00A3A1F6 /* Resources */,
				5C1A0EBFA68E13F76FAD08AF /* [CP] Embed Pods Frameworks */,
			);
			buildRules = (
			);
			dependencies = (
			);
			name = nues;
			productName = nues;
			productReference = 62CA0F962A4032BD00A3A1F6 /* nues.app */;
			productType = "com.apple.product-type.application";
		};
/* End PBXNativeTarget section */

/* Begin PBXProject section */
		62CA0F8E2A4032BD00A3A1F6 /* Project object */ = {
			isa = PBXProject;
			attributes = {
				BuildIndependentTargetsInParallel = 1;
				LastSwiftUpdateCheck = 1420;
				LastUpgradeCheck = 1420;
				TargetAttributes = {
					62CA0F952A4032BD00A3A1F6 = {
						CreatedOnToolsVersion = 14.2;
					};
				};
			};
			buildConfigurationList = 62CA0F912A4032BD00A3A1F6 /* Build configuration list for PBXProject "nues" */;
			compatibilityVersion = "Xcode 14.0";
			developmentRegion = en;
			hasScannedForEncodings = 0;
			knownRegions = (
				en,
				Base,
			);
			mainGroup = 62CA0F8D2A4032BD00A3A1F6;
			productRefGroup = 62CA0F972A4032BD00A3A1F6 /* Products */;
			projectDirPath = "";
			projectRoot = "";
			targets = (
				62CA0F952A4032BD00A3A1F6 /* nues */,
			);
		};
/* End PBXProject section */

/* Begin PBXResourcesBuildPhase section */
		62CA0F942A4032BD00A3A1F6 /* Resources */ = {
			isa = PBXResourcesBuildPhase;
			buildActionMask = 2147483647;
			files = (
				62CA0FA62A4032C000A3A1F6 /* LaunchScreen.storyboard in Resources */,
				62CA0FA32A4032C000A3A1F6 /* Assets.xcassets in Resources */,
				62CA0FA12A4032BD00A3A1F6 /* Main.storyboard in Resources */,
			);
			runOnlyForDeploymentPostprocessing = 0;
		};
/* End PBXResourcesBuildPhase section */

/* Begin PBXShellScriptBuildPhase section */
		5C1A0EBFA68E13F76FAD08AF /* [CP] Embed Pods Frameworks */ = {
			isa = PBXShellScriptBuildPhase;
			buildActionMask = 2147483647;
			files = (
			);
			inputFileListPaths = (
				"${PODS_ROOT}/Target Support Files/Pods-nues/Pods-nues-frameworks-${CONFIGURATION}-input-files.xcfilelist",
			);
			name = "[CP] Embed Pods Frameworks";
			outputFileListPaths = (
				"${PODS_ROOT}/Target Support Files/Pods-nues/Pods-nues-frameworks-${CONFIGURATION}-output-files.xcfilelist",
			);
			runOnlyForDeploymentPostprocessing = 0;
			shellPath = /bin/sh;
			shellScript = "\"${PODS_ROOT}/Target Support Files/Pods-nues/Pods-nues-frameworks.sh\"\n";
			showEnvVarsInLog = 0;
		};
		742F2EF33E7249B14E707128 /* [CP] Check Pods Manifest.lock */ = {
			isa = PBXShellScriptBuildPhase;
			buildActionMask = 2147483647;
			files = (
			);
			inputFileListPaths = (
			);
			inputPaths = (
				"${PODS_PODFILE_DIR_PATH}/Podfile.lock",
				"${PODS_ROOT}/Manifest.lock",
			);
			name = "[CP] Check Pods Manifest.lock";
			outputFileListPaths = (
			);
			outputPaths = (
				"$(DERIVED_FILE_DIR)/Pods-nues-checkManifestLockResult.txt",
			);
			runOnlyForDeploymentPostprocessing = 0;
			shellPath = /bin/sh;
			shellScript = "diff \"${PODS_PODFILE_DIR_PATH}/Podfile.lock\" \"${PODS_ROOT}/Manifest.lock\" > /dev/null\nif [ $? != 0 ] ; then\n    # print error to STDERR\n    echo \"error: The sandbox is not in sync with the Podfile.lock. Run 'pod install' or update your CocoaPods installation.\" >&2\n    exit 1\nfi\n# This output is used by Xcode 'outputs' to avoid re-running this script phase.\necho \"SUCCESS\" > \"${SCRIPT_OUTPUT_FILE_0}\"\n";
			showEnvVarsInLog = 0;
		};
/* End PBXShellScriptBuildPhase section */

/* Begin PBXSourcesBuildPhase section */
		62CA0F922A4032BD00A3A1F6 /* Sources */ = {
			isa = PBXSourcesBuildPhase;
			buildActionMask = 2147483647;
			files = (
				62CA0F9E2A4032BD00A3A1F6 /* ViewController.swift in Sources */,
				62CA0F9A2A4032BD00A3A1F6 /* AppDelegate.swift in Sources */,
				62CA0F9C2A4032BD00A3A1F6 /* SceneDelegate.swift in Sources */,
			);
			runOnlyForDeploymentPostprocessing = 0;
		};
/* End PBXSourcesBuildPhase section */

/* Begin PBXVariantGroup section */
		62CA0F9F2A4032BD00A3A1F6 /* Main.storyboard */ = {
			isa = PBXVariantGroup;
			children = (
				62CA0FA02A4032BD00A3A1F6 /* Base */,
			);
			name = Main.storyboard;
			sourceTree = "<group>";
		};
		62CA0FA42A4032C000A3A1F6 /* LaunchScreen.storyboard */ = {
			isa = PBXVariantGroup;
			children = (
				62CA0FA52A4032C000A3A1F6 /* Base */,
			);
			name = LaunchScreen.storyboard;
			sourceTree = "<group>";
		};
/* End PBXVariantGroup section */

/* Begin XCBuildConfiguration section */
		62CA0FA82A4032C000A3A1F6 /* Debug */ = {
			isa = XCBuildConfiguration;
			buildSettings = {
				ALWAYS_SEARCH_USER_PATHS = NO;
				CLANG_ANALYZER_NONNULL = YES;
				CLANG_ANALYZER_NUMBER_OBJECT_CONVERSION = YES_AGGRESSIVE;
				CLANG_CXX_LANGUAGE_STANDARD = "gnu++20";
				CLANG_ENABLE_MODULES = YES;
				CLANG_ENABLE_OBJC_ARC = YES;
				CLANG_ENABLE_OBJC_WEAK = YES;
				CLANG_WARN_BLOCK_CAPTURE_AUTORELEASING = YES;
				CLANG_WARN_BOOL_CONVERSION = YES;
				CLANG_WARN_COMMA = YES;
				CLANG_WARN_CONSTANT_CONVERSION = YES;
				CLANG_WARN_DEPRECATED_OBJC_IMPLEMENTATIONS = YES;
				CLANG_WARN_DIRECT_OBJC_ISA_USAGE = YES_ERROR;
				CLANG_WARN_DOCUMENTATION_COMMENTS = YES;
				CLANG_WARN_EMPTY_BODY = YES;
				CLANG_WARN_ENUM_CONVERSION = YES;
				CLANG_WARN_INFINITE_RECURSION = YES;
				CLANG_WARN_INT_CONVERSION = YES;
				CLANG_WARN_NON_LITERAL_NULL_CONVERSION = YES;
				CLANG_WARN_OBJC_IMPLICIT_RETAIN_SELF = YES;
				CLANG_WARN_OBJC_LITERAL_CONVERSION = YES;
				CLANG_WARN_OBJC_ROOT_CLASS = YES_ERROR;
				CLANG_WARN_QUOTED_INCLUDE_IN_FRAMEWORK_HEADER = YES;
				CLANG_WARN_RANGE_LOOP_ANALYSIS = YES;
				CLANG_WARN_STRICT_PROTOTYPES = YES;
				CLANG_WARN_SUSPICIOUS_MOVE = YES;
				CLANG_WARN_UNGUARDED_AVAILABILITY = YES_AGGRESSIVE;
				CLANG_WARN_UNREACHABLE_CODE = YES;
				CLANG_WARN__DUPLICATE_METHOD_MATCH = YES;
				COPY_PHASE_STRIP = NO;
				DEBUG_INFORMATION_FORMAT = dwarf;
				ENABLE_STRICT_OBJC_MSGSEND = YES;
				ENABLE_TESTABILITY = YES;
				GCC_C_LANGUAGE_STANDARD = gnu11;
				GCC_DYNAMIC_NO_PIC = NO;
				GCC_NO_COMMON_BLOCKS = YES;
				GCC_OPTIMIZATION_LEVEL = 0;
				GCC_PREPROCESSOR_DEFINITIONS = (
					"DEBUG=1",
					"$(inherited)",
				);
				GCC_WARN_64_TO_32_BIT_CONVERSION = YES;
				GCC_WARN_ABOUT_RETURN_TYPE = YES_ERROR;
				GCC_WARN_UNDECLARED_SELECTOR = YES;
				GCC_WARN_UNINITIALIZED_AUTOS = YES_AGGRESSIVE;
				GCC_WARN_UNUSED_FUNCTION = YES;
				GCC_WARN_UNUSED_VARIABLE = YES;
				IPHONEOS_DEPLOYMENT_TARGET = 16.2;
				MTL_ENABLE_DEBUG_INFO = INCLUDE_SOURCE;
				MTL_FAST_MATH = YES;
				ONLY_ACTIVE_ARCH = YES;
				SDKROOT = iphoneos;
				SWIFT_ACTIVE_COMPILATION_CONDITIONS = DEBUG;
				SWIFT_OPTIMIZATION_LEVEL = "-Onone";
			};
			name = Debug;
		};
		62CA0FA92A4032C000A3A1F6 /* Release */ = {
			isa = XCBuildConfiguration;
			buildSettings = {
				ALWAYS_SEARCH_USER_PATHS = NO;
				CLANG_ANALYZER_NONNULL = YES;
				CLANG_ANALYZER_NUMBER_OBJECT_CONVERSION = YES_AGGRESSIVE;
				CLANG_CXX_LANGUAGE_STANDARD = "gnu++20";
				CLANG_ENABLE_MODULES = YES;
				CLANG_ENABLE_OBJC_ARC = YES;
				CLANG_ENABLE_OBJC_WEAK = YES;
				CLANG_WARN_BLOCK_CAPTURE_AUTORELEASING = YES;
				CLANG_WARN_BOOL_CONVERSION = YES;
				CLANG_WARN_COMMA = YES;
				CLANG_WARN_CONSTANT_CONVERSION = YES;
				CLANG_WARN_DEPRECATED_OBJC_IMPLEMENTATIONS = YES;
				CLANG_WARN_DIRECT_OBJC_ISA_USAGE = YES_ERROR;
				CLANG_WARN_DOCUMENTATION_COMMENTS = YES;
				CLANG_WARN_EMPTY_BODY = YES;
				CLANG_WARN_ENUM_CONVERSION = YES;
				CLANG_WARN_INFINITE_RECURSION = YES;
				CLANG_WARN_INT_CONVERSION = YES;
				CLANG_WARN_NON_LITERAL_NULL_CONVERSION = YES;
				CLANG_WARN_OBJC_IMPLICIT_RETAIN_SELF = YES;
				CLANG_WARN_OBJC_LITERAL_CONVERSION = YES;
				CLANG_WARN_OBJC_ROOT_CLASS = YES_ERROR;
				CLANG_WARN_QUOTED_INCLUDE_IN_FRAMEWORK_HEADER = YES;
				CLANG_WARN_RANGE_LOOP_ANALYSIS = YES;
				CLANG_WARN_STRICT_PROTOTYPES = YES;
				CLANG_WARN_SUSPICIOUS_MOVE = YES;
				CLANG_WARN_UNGUARDED_AVAILABILITY = YES_AGGRESSIVE;
				CLANG_WARN_UNREACHABLE_CODE = YES;
				CLANG_WARN__DUPLICATE_METHOD_MATCH = YES;
				COPY_PHASE_STRIP = NO;
				DEBUG_INFORMATION_FORMAT = "dwarf-with-dsym";
				ENABLE_NS_ASSERTIONS = NO;
				ENABLE_STRICT_OBJC_MSGSEND = YES;
				GCC_C_LANGUAGE_STANDARD = gnu11;
				GCC_NO_COMMON_BLOCKS = YES;
				GCC_WARN_64_TO_32_BIT_CONVERSION = YES;
				GCC_WARN_ABOUT_RETURN_TYPE = YES_ERROR;
				GCC_WARN_UNDECLARED_SELECTOR = YES;
				GCC_WARN_UNINITIALIZED_AUTOS = YES_AGGRESSIVE;
				GCC_WARN_UNUSED_FUNCTION = YES;
				GCC_WARN_UNUSED_VARIABLE = YES;
				IPHONEOS_DEPLOYMENT_TARGET = 16.2;
				MTL_ENABLE_DEBUG_INFO = NO;
				MTL_FAST_MATH = YES;
				SDKROOT = iphoneos;
				SWIFT_COMPILATION_MODE = wholemodule;
				SWIFT_OPTIMIZATION_LEVEL = "-O";
				VALIDATE_PRODUCT = YES;
			};
			name = Release;
		};
		62CA0FAB2A4032C000A3A1F6 /* Debug */ = {
			isa = XCBuildConfiguration;
			baseConfigurationReference = 787A4EA8A24D8EE960BC14FE /* Pods-nues.debug.xcconfig */;
			buildSettings = {
				ASSETCATALOG_COMPILER_APPICON_NAME = AppIcon;
				ASSETCATALOG_COMPILER_GLOBAL_ACCENT_COLOR_NAME = AccentColor;
				CODE_SIGN_STYLE = Automatic;
				CURRENT_PROJECT_VERSION = 1;
				DEVELOPMENT_TEAM = 4YDCQLJY46;
				GENERATE_INFOPLIST_FILE = YES;
				INFOPLIST_FILE = nues/Info.plist;
				INFOPLIST_KEY_UIApplicationSupportsIndirectInputEvents = YES;
				INFOPLIST_KEY_UILaunchStoryboardName = LaunchScreen;
				INFOPLIST_KEY_UIMainStoryboardFile = Main;
				INFOPLIST_KEY_UISupportedInterfaceOrientations_iPad = "UIInterfaceOrientationPortrait UIInterfaceOrientationPortraitUpsideDown UIInterfaceOrientationLandscapeLeft UIInterfaceOrientationLandscapeRight";
				INFOPLIST_KEY_UISupportedInterfaceOrientations_iPhone = "UIInterfaceOrientationPortrait UIInterfaceOrientationLandscapeLeft UIInterfaceOrientationLandscapeRight";
				LD_RUNPATH_SEARCH_PATHS = (
					"$(inherited)",
					"@executable_path/Frameworks",
				);
				MARKETING_VERSION = 1.0;
				PRODUCT_BUNDLE_IDENTIFIER = com.sendo.nues;
				PRODUCT_NAME = "$(TARGET_NAME)";
				SWIFT_EMIT_LOC_STRINGS = YES;
				SWIFT_VERSION = 5.0;
				TARGETED_DEVICE_FAMILY = "1,2";
			};
			name = Debug;
		};
		62CA0FAC2A4032C000A3A1F6 /* Release */ = {
			isa = XCBuildConfiguration;
			baseConfigurationReference = 96BBA26754CA5D94ECCDBF13 /* Pods-nues.release.xcconfig */;
			buildSettings = {
				ASSETCATALOG_COMPILER_APPICON_NAME = AppIcon;
				ASSETCATALOG_COMPILER_GLOBAL_ACCENT_COLOR_NAME = AccentColor;
				CODE_SIGN_STYLE = Automatic;
				CURRENT_PROJECT_VERSION = 1;
				DEVELOPMENT_TEAM = 4YDCQLJY46;
				GENERATE_INFOPLIST_FILE = YES;
				INFOPLIST_FILE = nues/Info.plist;
				INFOPLIST_KEY_UIApplicationSupportsIndirectInputEvents = YES;
				INFOPLIST_KEY_UILaunchStoryboardName = LaunchScreen;
				INFOPLIST_KEY_UIMainStoryboardFile = Main;
				INFOPLIST_KEY_UISupportedInterfaceOrientations_iPad = "UIInterfaceOrientationPortrait UIInterfaceOrientationPortraitUpsideDown UIInterfaceOrientationLandscapeLeft UIInterfaceOrientationLandscapeRight";
				INFOPLIST_KEY_UISupportedInterfaceOrientations_iPhone = "UIInterfaceOrientationPortrait UIInterfaceOrientationLandscapeLeft UIInterfaceOrientationLandscapeRight";
				LD_RUNPATH_SEARCH_PATHS = (
					"$(inherited)",
					"@executable_path/Frameworks",
				);
				MARKETING_VERSION = 1.0;
				PRODUCT_BUNDLE_IDENTIFIER = com.sendo.nues;
				PRODUCT_NAME = "$(TARGET_NAME)";
				SWIFT_EMIT_LOC_STRINGS = YES;
				SWIFT_VERSION = 5.0;
				TARGETED_DEVICE_FAMILY = "1,2";
			};
			name = Release;
		};
/* End XCBuildConfiguration section */

/* Begin XCConfigurationList section */
		62CA0F912A4032BD00A3A1F6 /* Build configuration list for PBXProject "nues" */ = {
			isa = XCConfigurationList;
			buildConfigurations = (
				62CA0FA82A4032C000A3A1F6 /* Debug */,
				62CA0FA92A4032C000A3A1F6 /* Release */,
			);
			defaultConfigurationIsVisible = 0;
			defaultConfigurationName = Release;
		};
		62CA0FAA2A4032C000A3A1F6 /* Build configuration list for PBXNativeTarget "nues" */ = {
			isa = XCConfigurationList;
			buildConfigurations = (
				62CA0FAB2A4032C000A3A1F6 /* Debug */,
				62CA0FAC2A4032C000A3A1F6 /* Release */,
			);
			defaultConfigurationIsVisible = 0;
			defaultConfigurationName = Release;
		};
/* End XCConfigurationList section */
	};
	rootObject = 62CA0F8E2A4032BD00A3A1F6 /* Project object */;
}
